// !$*UTF8*$!
{
	archiveVersion = 1;
	classes = {
	};
	objectVersion = 48;
	objects = {

/* Begin PBXBuildFile section */
		B907DE321FEF03C0007B5764 /* AddViewController.swift in Sources */ = {isa = PBXBuildFile; fileRef = B907DE311FEF03C0007B5764 /* AddViewController.swift */; };
		B907DE341FEF0D59007B5764 /* Detail.swift in Sources */ = {isa = PBXBuildFile; fileRef = B907DE331FEF0D59007B5764 /* Detail.swift */; };
		B907DE361FF2411E007B5764 /* Detail.xib in Resources */ = {isa = PBXBuildFile; fileRef = B907DE351FF2411E007B5764 /* Detail.xib */; };
		B907DE381FF2432A007B5764 /* Add.xib in Resources */ = {isa = PBXBuildFile; fileRef = B907DE371FF2432A007B5764 /* Add.xib */; };
		B907DE3F1FF3B988007B5764 /* NotificationService.swift in Sources */ = {isa = PBXBuildFile; fileRef = B907DE3E1FF3B988007B5764 /* NotificationService.swift */; };
		B907DE501FF579D4007B5764 /* PillcontrollerTests.swift in Sources */ = {isa = PBXBuildFile; fileRef = B907DE4F1FF579D4007B5764 /* PillcontrollerTests.swift */; };
		B90CC3B11FEAB76C00D530ED /* Main.storyboard in Resources */ = {isa = PBXBuildFile; fileRef = B90CC3B01FEAB76C00D530ED /* Main.storyboard */; };
		B93772A61FE2E11C00DA3CDD /* AppDelegate.swift in Sources */ = {isa = PBXBuildFile; fileRef = B93772A51FE2E11C00DA3CDD /* AppDelegate.swift */; };
		B93772AE1FE2E11C00DA3CDD /* pill_reminder.xcdatamodeld in Sources */ = {isa = PBXBuildFile; fileRef = B93772AC1FE2E11C00DA3CDD /* pill_reminder.xcdatamodeld */; };
		B93772B01FE2E11C00DA3CDD /* Assets.xcassets in Resources */ = {isa = PBXBuildFile; fileRef = B93772AF1FE2E11C00DA3CDD /* Assets.xcassets */; };
		B93772B31FE2E11C00DA3CDD /* LaunchScreen.storyboard in Resources */ = {isa = PBXBuildFile; fileRef = B93772B11FE2E11C00DA3CDD /* LaunchScreen.storyboard */; };
		B93772C21FE3112100DA3CDD /* MainController.swift in Sources */ = {isa = PBXBuildFile; fileRef = B93772C01FE3112100DA3CDD /* MainController.swift */; };
		B94899C11FED20F600EE8D64 /* CustomCell.swift in Sources */ = {isa = PBXBuildFile; fileRef = B94899C01FED20F600EE8D64 /* CustomCell.swift */; };
		B95047D81FED83FA00CE4DBE /* PillController.swift in Sources */ = {isa = PBXBuildFile; fileRef = B95047D71FED83FA00CE4DBE /* PillController.swift */; };
		B977FEDA1FF85B99007917E4 /* MainControllerCollectionExtensions.swift in Sources */ = {isa = PBXBuildFile; fileRef = B977FED91FF85B99007917E4 /* MainControllerCollectionExtensions.swift */; };
		B9D8B2411FF6F6FF00ED0E65 /* SourceSansPro-Black.otf in Resources */ = {isa = PBXBuildFile; fileRef = B9D8B2401FF6F19B00ED0E65 /* SourceSansPro-Black.otf */; };
		B9D8B2421FF6F70200ED0E65 /* SourceSansPro-Bold.otf in Resources */ = {isa = PBXBuildFile; fileRef = B9D8B23F1FF6F18A00ED0E65 /* SourceSansPro-Bold.otf */; };
		B9D8B2431FF6F70600ED0E65 /* SourceSansPro-Regular.otf in Resources */ = {isa = PBXBuildFile; fileRef = B9D8B23E1FF6F17D00ED0E65 /* SourceSansPro-Regular.otf */; };
/* End PBXBuildFile section */

/* Begin PBXContainerItemProxy section */
		B907DE4A1FF5795C007B5764 /* PBXContainerItemProxy */ = {
			isa = PBXContainerItemProxy;
			containerPortal = B937729A1FE2E11C00DA3CDD /* Project object */;
			proxyType = 1;
			remoteGlobalIDString = B93772A11FE2E11C00DA3CDD;
			remoteInfo = pill_reminder;
		};
/* End PBXContainerItemProxy section */

/* Begin PBXFileReference section */
		B907DE311FEF03C0007B5764 /* AddViewController.swift */ = {isa = PBXFileReference; lastKnownFileType = sourcecode.swift; path = AddViewController.swift; sourceTree = "<group>"; };
		B907DE331FEF0D59007B5764 /* Detail.swift */ = {isa = PBXFileReference; lastKnownFileType = sourcecode.swift; path = Detail.swift; sourceTree = "<group>"; };
		B907DE351FF2411E007B5764 /* Detail.xib */ = {isa = PBXFileReference; lastKnownFileType = file.xib; path = Detail.xib; sourceTree = "<group>"; };
		B907DE371FF2432A007B5764 /* Add.xib */ = {isa = PBXFileReference; lastKnownFileType = file.xib; path = Add.xib; sourceTree = "<group>"; };
		B907DE3E1FF3B988007B5764 /* NotificationService.swift */ = {isa = PBXFileReference; lastKnownFileType = sourcecode.swift; path = NotificationService.swift; sourceTree = "<group>"; };
		B907DE451FF5795C007B5764 /* pill_reminderTests.xctest */ = {isa = PBXFileReference; explicitFileType = wrapper.cfbundle; includeInIndex = 0; path = pill_reminderTests.xctest; sourceTree = BUILT_PRODUCTS_DIR; };
		B907DE491FF5795C007B5764 /* Info.plist */ = {isa = PBXFileReference; lastKnownFileType = text.plist.xml; path = Info.plist; sourceTree = "<group>"; };
		B907DE4F1FF579D4007B5764 /* PillcontrollerTests.swift */ = {isa = PBXFileReference; lastKnownFileType = sourcecode.swift; path = PillcontrollerTests.swift; sourceTree = "<group>"; };
		B90CC3B01FEAB76C00D530ED /* Main.storyboard */ = {isa = PBXFileReference; lastKnownFileType = file.storyboard; path = Main.storyboard; sourceTree = "<group>"; };
		B93772A21FE2E11C00DA3CDD /* pill_reminder.app */ = {isa = PBXFileReference; explicitFileType = wrapper.application; includeInIndex = 0; path = pill_reminder.app; sourceTree = BUILT_PRODUCTS_DIR; };
		B93772A51FE2E11C00DA3CDD /* AppDelegate.swift */ = {isa = PBXFileReference; lastKnownFileType = sourcecode.swift; path = AppDelegate.swift; sourceTree = "<group>"; };
		B93772AD1FE2E11C00DA3CDD /* pill_reminder.xcdatamodel */ = {isa = PBXFileReference; lastKnownFileType = wrapper.xcdatamodel; path = pill_reminder.xcdatamodel; sourceTree = "<group>"; };
		B93772AF1FE2E11C00DA3CDD /* Assets.xcassets */ = {isa = PBXFileReference; lastKnownFileType = folder.assetcatalog; path = Assets.xcassets; sourceTree = "<group>"; };
		B93772B21FE2E11C00DA3CDD /* Base */ = {isa = PBXFileReference; lastKnownFileType = file.storyboard; name = Base; path = Base.lproj/LaunchScreen.storyboard; sourceTree = "<group>"; };
		B93772B41FE2E11C00DA3CDD /* Info.plist */ = {isa = PBXFileReference; lastKnownFileType = text.plist.xml; path = Info.plist; sourceTree = "<group>"; };
		B93772C01FE3112100DA3CDD /* MainController.swift */ = {isa = PBXFileReference; lastKnownFileType = sourcecode.swift; path = MainController.swift; sourceTree = "<group>"; };
		B94899C01FED20F600EE8D64 /* CustomCell.swift */ = {isa = PBXFileReference; lastKnownFileType = sourcecode.swift; path = CustomCell.swift; sourceTree = "<group>"; };
		B95047D71FED83FA00CE4DBE /* PillController.swift */ = {isa = PBXFileReference; lastKnownFileType = sourcecode.swift; path = PillController.swift; sourceTree = "<group>"; };
		B977FED91FF85B99007917E4 /* MainControllerCollectionExtensions.swift */ = {isa = PBXFileReference; lastKnownFileType = sourcecode.swift; path = MainControllerCollectionExtensions.swift; sourceTree = "<group>"; };
		B9D8B23E1FF6F17D00ED0E65 /* SourceSansPro-Regular.otf */ = {isa = PBXFileReference; lastKnownFileType = file; path = "SourceSansPro-Regular.otf"; sourceTree = "<group>"; };
		B9D8B23F1FF6F18A00ED0E65 /* SourceSansPro-Bold.otf */ = {isa = PBXFileReference; lastKnownFileType = file; path = "SourceSansPro-Bold.otf"; sourceTree = "<group>"; };
		B9D8B2401FF6F19B00ED0E65 /* SourceSansPro-Black.otf */ = {isa = PBXFileReference; lastKnownFileType = file; path = "SourceSansPro-Black.otf"; sourceTree = "<group>"; };
/* End PBXFileReference section */

/* Begin PBXFrameworksBuildPhase section */
		B907DE421FF5795C007B5764 /* Frameworks */ = {
			isa = PBXFrameworksBuildPhase;
			buildActionMask = 2147483647;
			files = (
			);
			runOnlyForDeploymentPostprocessing = 0;
		};
		B937729F1FE2E11C00DA3CDD /* Frameworks */ = {
			isa = PBXFrameworksBuildPhase;
			buildActionMask = 2147483647;
			files = (
			);
			runOnlyForDeploymentPostprocessing = 0;
		};
/* End PBXFrameworksBuildPhase section */

/* Begin PBXGroup section */
		B907DE391FF24399007B5764 /* Add */ = {
			isa = PBXGroup;
			children = (
				B907DE371FF2432A007B5764 /* Add.xib */,
				B907DE311FEF03C0007B5764 /* AddViewController.swift */,
			);
			path = Add;
			sourceTree = "<group>";
		};
		B907DE3A1FF243AD007B5764 /* Detail */ = {
			isa = PBXGroup;
			children = (
				B907DE331FEF0D59007B5764 /* Detail.swift */,
				B907DE351FF2411E007B5764 /* Detail.xib */,
			);
			path = Detail;
			sourceTree = "<group>";
		};
		B907DE3D1FF24434007B5764 /* Main */ = {
			isa = PBXGroup;
			children = (
				B93772C01FE3112100DA3CDD /* MainController.swift */,
				B90CC3B01FEAB76C00D530ED /* Main.storyboard */,
				B94899C01FED20F600EE8D64 /* CustomCell.swift */,
				B977FED91FF85B99007917E4 /* MainControllerCollectionExtensions.swift */,
			);
			path = Main;
			sourceTree = "<group>";
		};
		B907DE461FF5795C007B5764 /* pill_reminderTests */ = {
			isa = PBXGroup;
			children = (
				B907DE491FF5795C007B5764 /* Info.plist */,
				B907DE4F1FF579D4007B5764 /* PillcontrollerTests.swift */,
			);
			path = pill_reminderTests;
			sourceTree = "<group>";
		};
		B93772991FE2E11C00DA3CDD = {
			isa = PBXGroup;
			children = (
				B93772A41FE2E11C00DA3CDD /* pill_reminder */,
				B907DE461FF5795C007B5764 /* pill_reminderTests */,
				B93772A31FE2E11C00DA3CDD /* Products */,
			);
			sourceTree = "<group>";
		};
		B93772A31FE2E11C00DA3CDD /* Products */ = {
			isa = PBXGroup;
			children = (
				B93772A21FE2E11C00DA3CDD /* pill_reminder.app */,
				B907DE451FF5795C007B5764 /* pill_reminderTests.xctest */,
			);
			name = Products;
			sourceTree = "<group>";
		};
		B93772A41FE2E11C00DA3CDD /* pill_reminder */ = {
			isa = PBXGroup;
			children = (
				B9D8B2441FF7F0AE00ED0E65 /* Models */,
				B907DE3D1FF24434007B5764 /* Main */,
				B907DE3A1FF243AD007B5764 /* Detail */,
				B907DE391FF24399007B5764 /* Add */,
				B9D426231FEACF9800189F01 /* supportingFiles */,
				B93772B41FE2E11C00DA3CDD /* Info.plist */,
			);
			path = pill_reminder;
			sourceTree = "<group>";
		};
		B977FEDB1FF85D42007917E4 /* Fonts */ = {
			isa = PBXGroup;
			children = (
				B9D8B2401FF6F19B00ED0E65 /* SourceSansPro-Black.otf */,
				B9D8B23F1FF6F18A00ED0E65 /* SourceSansPro-Bold.otf */,
				B9D8B23E1FF6F17D00ED0E65 /* SourceSansPro-Regular.otf */,
			);
			path = Fonts;
			sourceTree = "<group>";
		};
		B9D426231FEACF9800189F01 /* supportingFiles */ = {
			isa = PBXGroup;
			children = (
				B977FEDB1FF85D42007917E4 /* Fonts */,
				B93772A51FE2E11C00DA3CDD /* AppDelegate.swift */,
				B93772AF1FE2E11C00DA3CDD /* Assets.xcassets */,
				B93772B11FE2E11C00DA3CDD /* LaunchScreen.storyboard */,
			);
			path = supportingFiles;
			sourceTree = "<group>";
		};
		B9D8B2441FF7F0AE00ED0E65 /* Models */ = {
			isa = PBXGroup;
			children = (
				B93772AC1FE2E11C00DA3CDD /* pill_reminder.xcdatamodeld */,
				B95047D71FED83FA00CE4DBE /* PillController.swift */,
				B907DE3E1FF3B988007B5764 /* NotificationService.swift */,
			);
			path = Models;
			sourceTree = "<group>";
		};
/* End PBXGroup section */

/* Begin PBXNativeTarget section */
		B907DE441FF5795C007B5764 /* pill_reminderTests */ = {
			isa = PBXNativeTarget;
			buildConfigurationList = B907DE4C1FF5795C007B5764 /* Build configuration list for PBXNativeTarget "pill_reminderTests" */;
			buildPhases = (
				B907DE411FF5795C007B5764 /* Sources */,
				B907DE421FF5795C007B5764 /* Frameworks */,
				B907DE431FF5795C007B5764 /* Resources */,
			);
			buildRules = (
			);
			dependencies = (
				B907DE4B1FF5795C007B5764 /* PBXTargetDependency */,
			);
			name = pill_reminderTests;
			productName = pill_reminderTests;
			productReference = B907DE451FF5795C007B5764 /* pill_reminderTests.xctest */;
			productType = "com.apple.product-type.bundle.unit-test";
		};
		B93772A11FE2E11C00DA3CDD /* pill_reminder */ = {
			isa = PBXNativeTarget;
			buildConfigurationList = B93772B71FE2E11C00DA3CDD /* Build configuration list for PBXNativeTarget "pill_reminder" */;
			buildPhases = (
				B937729E1FE2E11C00DA3CDD /* Sources */,
				B937729F1FE2E11C00DA3CDD /* Frameworks */,
				B93772A01FE2E11C00DA3CDD /* Resources */,
				B907DE401FF56E13007B5764 /* ShellScript */,
			);
			buildRules = (
			);
			dependencies = (
			);
			name = pill_reminder;
			productName = pill_reminder;
			productReference = B93772A21FE2E11C00DA3CDD /* pill_reminder.app */;
			productType = "com.apple.product-type.application";
		};
/* End PBXNativeTarget section */

/* Begin PBXProject section */
		B937729A1FE2E11C00DA3CDD /* Project object */ = {
			isa = PBXProject;
			attributes = {
				LastSwiftUpdateCheck = 0920;
				LastUpgradeCheck = 0920;
				ORGANIZATIONNAME = "Mathieu Janneau";
				TargetAttributes = {
					B907DE441FF5795C007B5764 = {
						CreatedOnToolsVersion = 9.2;
						LastSwiftMigration = 0920;
						ProvisioningStyle = Automatic;
						TestTargetID = B93772A11FE2E11C00DA3CDD;
					};
					B93772A11FE2E11C00DA3CDD = {
						CreatedOnToolsVersion = 9.2;
						ProvisioningStyle = Automatic;
					};
				};
			};
			buildConfigurationList = B937729D1FE2E11C00DA3CDD /* Build configuration list for PBXProject "pill_reminder" */;
			compatibilityVersion = "Xcode 8.0";
			developmentRegion = en;
			hasScannedForEncodings = 0;
			knownRegions = (
				en,
				Base,
			);
			mainGroup = B93772991FE2E11C00DA3CDD;
			productRefGroup = B93772A31FE2E11C00DA3CDD /* Products */;
			projectDirPath = "";
			projectRoot = "";
			targets = (
				B93772A11FE2E11C00DA3CDD /* pill_reminder */,
				B907DE441FF5795C007B5764 /* pill_reminderTests */,
			);
		};
/* End PBXProject section */

/* Begin PBXResourcesBuildPhase section */
		B907DE431FF5795C007B5764 /* Resources */ = {
			isa = PBXResourcesBuildPhase;
			buildActionMask = 2147483647;
			files = (
			);
			runOnlyForDeploymentPostprocessing = 0;
		};
		B93772A01FE2E11C00DA3CDD /* Resources */ = {
			isa = PBXResourcesBuildPhase;
			buildActionMask = 2147483647;
			files = (
				B93772B31FE2E11C00DA3CDD /* LaunchScreen.storyboard in Resources */,
				B9D8B2421FF6F70200ED0E65 /* SourceSansPro-Bold.otf in Resources */,
				B9D8B2411FF6F6FF00ED0E65 /* SourceSansPro-Black.otf in Resources */,
				B907DE361FF2411E007B5764 /* Detail.xib in Resources */,
				B93772B01FE2E11C00DA3CDD /* Assets.xcassets in Resources */,
				B90CC3B11FEAB76C00D530ED /* Main.storyboard in Resources */,
				B9D8B2431FF6F70600ED0E65 /* SourceSansPro-Regular.otf in Resources */,
				B907DE381FF2432A007B5764 /* Add.xib in Resources */,
			);
			runOnlyForDeploymentPostprocessing = 0;
		};
/* End PBXResourcesBuildPhase section */

/* Begin PBXShellScriptBuildPhase section */
		B907DE401FF56E13007B5764 /* ShellScript */ = {
			isa = PBXShellScriptBuildPhase;
			buildActionMask = 2147483647;
			files = (
			);
			inputPaths = (
			);
			outputPaths = (
			);
			runOnlyForDeploymentPostprocessing = 0;
			shellPath = /bin/sh;
			shellScript = "";
		};
/* End PBXShellScriptBuildPhase section */

/* Begin PBXSourcesBuildPhase section */
		B907DE411FF5795C007B5764 /* Sources */ = {
			isa = PBXSourcesBuildPhase;
			buildActionMask = 2147483647;
			files = (
				B907DE501FF579D4007B5764 /* PillcontrollerTests.swift in Sources */,
			);
			runOnlyForDeploymentPostprocessing = 0;
		};
		B937729E1FE2E11C00DA3CDD /* Sources */ = {
			isa = PBXSourcesBuildPhase;
			buildActionMask = 2147483647;
			files = (
				B93772C21FE3112100DA3CDD /* MainController.swift in Sources */,
				B93772A61FE2E11C00DA3CDD /* AppDelegate.swift in Sources */,
				B94899C11FED20F600EE8D64 /* CustomCell.swift in Sources */,
				B907DE321FEF03C0007B5764 /* AddViewController.swift in Sources */,
				B907DE3F1FF3B988007B5764 /* NotificationService.swift in Sources */,
				B93772AE1FE2E11C00DA3CDD /* pill_reminder.xcdatamodeld in Sources */,
				B977FEDA1FF85B99007917E4 /* MainControllerCollectionExtensions.swift in Sources */,
				B95047D81FED83FA00CE4DBE /* PillController.swift in Sources */,
				B907DE341FEF0D59007B5764 /* Detail.swift in Sources */,
			);
			runOnlyForDeploymentPostprocessing = 0;
		};
/* End PBXSourcesBuildPhase section */

/* Begin PBXTargetDependency section */
		B907DE4B1FF5795C007B5764 /* PBXTargetDependency */ = {
			isa = PBXTargetDependency;
			target = B93772A11FE2E11C00DA3CDD /* pill_reminder */;
			targetProxy = B907DE4A1FF5795C007B5764 /* PBXContainerItemProxy */;
		};
/* End PBXTargetDependency section */

/* Begin PBXVariantGroup section */
		B93772B11FE2E11C00DA3CDD /* LaunchScreen.storyboard */ = {
			isa = PBXVariantGroup;
			children = (
				B93772B21FE2E11C00DA3CDD /* Base */,
			);
			name = LaunchScreen.storyboard;
			sourceTree = "<group>";
		};
/* End PBXVariantGroup section */

/* Begin XCBuildConfiguration section */
		B907DE4D1FF5795C007B5764 /* Debug */ = {
			isa = XCBuildConfiguration;
			buildSettings = {
				BUNDLE_LOADER = "$(TEST_HOST)";
				CLANG_ENABLE_MODULES = YES;
				CODE_SIGN_STYLE = Automatic;
				DEVELOPMENT_TEAM = V8A9QAD896;
				INFOPLIST_FILE = pill_reminderTests/Info.plist;
				LD_RUNPATH_SEARCH_PATHS = "$(inherited) @executable_path/Frameworks @loader_path/Frameworks";
				PRODUCT_BUNDLE_IDENTIFIER = "com.mathieujanneau.pill-reminderTests";
				PRODUCT_NAME = "$(TARGET_NAME)";
				SWIFT_OPTIMIZATION_LEVEL = "-Onone";
				SWIFT_VERSION = 4.0;
				TARGETED_DEVICE_FAMILY = "1,2";
				TEST_HOST = "$(BUILT_PRODUCTS_DIR)/pill_reminder.app/pill_reminder";
			};
			name = Debug;
		};
		B907DE4E1FF5795C007B5764 /* Release */ = {
			isa = XCBuildConfiguration;
			buildSettings = {
				BUNDLE_LOADER = "$(TEST_HOST)";
				CLANG_ENABLE_MODULES = YES;
				CODE_SIGN_STYLE = Automatic;
				DEVELOPMENT_TEAM = V8A9QAD896;
				INFOPLIST_FILE = pill_reminderTests/Info.plist;
				LD_RUNPATH_SEARCH_PATHS = "$(inherited) @executable_path/Frameworks @loader_path/Frameworks";
				PRODUCT_BUNDLE_IDENTIFIER = "com.mathieujanneau.pill-reminderTests";
				PRODUCT_NAME = "$(TARGET_NAME)";
				SWIFT_VERSION = 4.0;
				TARGETED_DEVICE_FAMILY = "1,2";
				TEST_HOST = "$(BUILT_PRODUCTS_DIR)/pill_reminder.app/pill_reminder";
			};
			name = Release;
		};
		B93772B51FE2E11C00DA3CDD /* Debug */ = {
			isa = XCBuildConfiguration;
			buildSettings = {
				ALWAYS_SEARCH_USER_PATHS = NO;
				CLANG_ANALYZER_NONNULL = YES;
				CLANG_ANALYZER_NUMBER_OBJECT_CONVERSION = YES_AGGRESSIVE;
				CLANG_CXX_LANGUAGE_STANDARD = "gnu++14";
				CLANG_CXX_LIBRARY = "libc++";
				CLANG_ENABLE_MODULES = YES;
				CLANG_ENABLE_OBJC_ARC = YES;
				CLANG_WARN_BLOCK_CAPTURE_AUTORELEASING = YES;
				CLANG_WARN_BOOL_CONVERSION = YES;
				CLANG_WARN_COMMA = YES;
				CLANG_WARN_CONSTANT_CONVERSION = YES;
				CLANG_WARN_DIRECT_OBJC_ISA_USAGE = YES_ERROR;
				CLANG_WARN_DOCUMENTATION_COMMENTS = YES;
				CLANG_WARN_EMPTY_BODY = YES;
				CLANG_WARN_ENUM_CONVERSION = YES;
				CLANG_WARN_INFINITE_RECURSION = YES;
				CLANG_WARN_INT_CONVERSION = YES;
				CLANG_WARN_NON_LITERAL_NULL_CONVERSION = YES;
				CLANG_WARN_OBJC_LITERAL_CONVERSION = YES;
				CLANG_WARN_OBJC_ROOT_CLASS = YES_ERROR;
				CLANG_WARN_RANGE_LOOP_ANALYSIS = YES;
				CLANG_WARN_STRICT_PROTOTYPES = YES;
				CLANG_WARN_SUSPICIOUS_MOVE = YES;
				CLANG_WARN_UNGUARDED_AVAILABILITY = YES_AGGRESSIVE;
				CLANG_WARN_UNREACHABLE_CODE = YES;
				CLANG_WARN__DUPLICATE_METHOD_MATCH = YES;
				CODE_SIGN_IDENTITY = "iPhone Developer";
				COPY_PHASE_STRIP = NO;
				DEBUG_INFORMATION_FORMAT = dwarf;
				ENABLE_STRICT_OBJC_MSGSEND = YES;
				ENABLE_TESTABILITY = YES;
				GCC_C_LANGUAGE_STANDARD = gnu11;
				GCC_DYNAMIC_NO_PIC = NO;
				GCC_NO_COMMON_BLOCKS = YES;
				GCC_OPTIMIZATION_LEVEL = 0;
				GCC_PREPROCESSOR_DEFINITIONS = (
					"DEBUG=1",
					"$(inherited)",
				);
				GCC_WARN_64_TO_32_BIT_CONVERSION = YES;
				GCC_WARN_ABOUT_RETURN_TYPE = YES_ERROR;
				GCC_WARN_UNDECLARED_SELECTOR = YES;
				GCC_WARN_UNINITIALIZED_AUTOS = YES_AGGRESSIVE;
				GCC_WARN_UNUSED_FUNCTION = YES;
				GCC_WARN_UNUSED_VARIABLE = YES;
				IPHONEOS_DEPLOYMENT_TARGET = 11.2;
				MTL_ENABLE_DEBUG_INFO = YES;
				ONLY_ACTIVE_ARCH = YES;
				SDKROOT = iphoneos;
				SWIFT_ACTIVE_COMPILATION_CONDITIONS = DEBUG;
				SWIFT_OPTIMIZATION_LEVEL = "-Onone";
			};
			name = Debug;
		};
		B93772B61FE2E11C00DA3CDD /* Release */ = {
			isa = XCBuildConfiguration;
			buildSettings = {
				ALWAYS_SEARCH_USER_PATHS = NO;
				CLANG_ANALYZER_NONNULL = YES;
				CLANG_ANALYZER_NUMBER_OBJECT_CONVERSION = YES_AGGRESSIVE;
				CLANG_CXX_LANGUAGE_STANDARD = "gnu++14";
				CLANG_CXX_LIBRARY = "libc++";
				CLANG_ENABLE_MODULES = YES;
				CLANG_ENABLE_OBJC_ARC = YES;
				CLANG_WARN_BLOCK_CAPTURE_AUTORELEASING = YES;
				CLANG_WARN_BOOL_CONVERSION = YES;
				CLANG_WARN_COMMA = YES;
				CLANG_WARN_CONSTANT_CONVERSION = YES;
				CLANG_WARN_DIRECT_OBJC_ISA_USAGE = YES_ERROR;
				CLANG_WARN_DOCUMENTATION_COMMENTS = YES;
				CLANG_WARN_EMPTY_BODY = YES;
				CLANG_WARN_ENUM_CONVERSION = YES;
				CLANG_WARN_INFINITE_RECURSION = YES;
				CLANG_WARN_INT_CONVERSION = YES;
				CLANG_WARN_NON_LITERAL_NULL_CONVERSION = YES;
				CLANG_WARN_OBJC_LITERAL_CONVERSION = YES;
				CLANG_WARN_OBJC_ROOT_CLASS = YES_ERROR;
				CLANG_WARN_RANGE_LOOP_ANALYSIS = YES;
				CLANG_WARN_STRICT_PROTOTYPES = YES;
				CLANG_WARN_SUSPICIOUS_MOVE = YES;
				CLANG_WARN_UNGUARDED_AVAILABILITY = YES_AGGRESSIVE;
				CLANG_WARN_UNREACHABLE_CODE = YES;
				CLANG_WARN__DUPLICATE_METHOD_MATCH = YES;
				CODE_SIGN_IDENTITY = "iPhone Developer";
				COPY_PHASE_STRIP = NO;
				DEBUG_INFORMATION_FORMAT = "dwarf-with-dsym";
				ENABLE_NS_ASSERTIONS = NO;
				ENABLE_STRICT_OBJC_MSGSEND = YES;
				GCC_C_LANGUAGE_STANDARD = gnu11;
				GCC_NO_COMMON_BLOCKS = YES;
				GCC_WARN_64_TO_32_BIT_CONVERSION = YES;
				GCC_WARN_ABOUT_RETURN_TYPE = YES_ERROR;
				GCC_WARN_UNDECLARED_SELECTOR = YES;
				GCC_WARN_UNINITIALIZED_AUTOS = YES_AGGRESSIVE;
				GCC_WARN_UNUSED_FUNCTION = YES;
				GCC_WARN_UNUSED_VARIABLE = YES;
				IPHONEOS_DEPLOYMENT_TARGET = 11.2;
				MTL_ENABLE_DEBUG_INFO = NO;
				SDKROOT = iphoneos;
				SWIFT_OPTIMIZATION_LEVEL = "-Owholemodule";
				VALIDATE_PRODUCT = YES;
			};
			name = Release;
		};
		B93772B81FE2E11C00DA3CDD /* Debug */ = {
			isa = XCBuildConfiguration;
			buildSettings = {
				ASSETCATALOG_COMPILER_APPICON_NAME = AppIcon;
				CODE_SIGN_STYLE = Automatic;
				DEVELOPMENT_TEAM = V8A9QAD896;
				INFOPLIST_FILE = pill_reminder/Info.plist;
				LD_RUNPATH_SEARCH_PATHS = "$(inherited) @executable_path/Frameworks";
				PRODUCT_BUNDLE_IDENTIFIER = "com.mathieujanneau.pill-reminder";
				PRODUCT_NAME = "$(TARGET_NAME)";
				SWIFT_VERSION = 4.0;
				TARGETED_DEVICE_FAMILY = "1,2";
			};
			name = Debug;
		};
		B93772B91FE2E11C00DA3CDD /* Release */ = {
			isa = XCBuildConfiguration;
			buildSettings = {
				ASSETCATALOG_COMPILER_APPICON_NAME = AppIcon;
				CODE_SIGN_STYLE = Automatic;
				DEVELOPMENT_TEAM = V8A9QAD896;
				INFOPLIST_FILE = pill_reminder/Info.plist;
				LD_RUNPATH_SEARCH_PATHS = "$(inherited) @executable_path/Frameworks";
				PRODUCT_BUNDLE_IDENTIFIER = "com.mathieujanneau.pill-reminder";
				PRODUCT_NAME = "$(TARGET_NAME)";
				SWIFT_VERSION = 4.0;
				TARGETED_DEVICE_FAMILY = "1,2";
			};
			name = Release;
		};
/* End XCBuildConfiguration section */

/* Begin XCConfigurationList section */
		B907DE4C1FF5795C007B5764 /* Build configuration list for PBXNativeTarget "pill_reminderTests" */ = {
			isa = XCConfigurationList;
			buildConfigurations = (
				B907DE4D1FF5795C007B5764 /* Debug */,
				B907DE4E1FF5795C007B5764 /* Release */,
			);
			defaultConfigurationIsVisible = 0;
			defaultConfigurationName = Release;
		};
		B937729D1FE2E11C00DA3CDD /* Build configuration list for PBXProject "pill_reminder" */ = {
			isa = XCConfigurationList;
			buildConfigurations = (
				B93772B51FE2E11C00DA3CDD /* Debug */,
				B93772B61FE2E11C00DA3CDD /* Release */,
			);
			defaultConfigurationIsVisible = 0;
			defaultConfigurationName = Release;
		};
		B93772B71FE2E11C00DA3CDD /* Build configuration list for PBXNativeTarget "pill_reminder" */ = {
			isa = XCConfigurationList;
			buildConfigurations = (
				B93772B81FE2E11C00DA3CDD /* Debug */,
				B93772B91FE2E11C00DA3CDD /* Release */,
			);
			defaultConfigurationIsVisible = 0;
			defaultConfigurationName = Release;
		};
/* End XCConfigurationList section */

/* Begin XCVersionGroup section */
		B93772AC1FE2E11C00DA3CDD /* pill_reminder.xcdatamodeld */ = {
			isa = XCVersionGroup;
			children = (
				B93772AD1FE2E11C00DA3CDD /* pill_reminder.xcdatamodel */,
			);
			currentVersion = B93772AD1FE2E11C00DA3CDD /* pill_reminder.xcdatamodel */;
			path = pill_reminder.xcdatamodeld;
			sourceTree = "<group>";
			versionGroupType = wrapper.xcdatamodel;
		};
/* End XCVersionGroup section */
	};
	rootObject = B937729A1FE2E11C00DA3CDD /* Project object */;
}
